
Microsoft Visual Studio Solution File, Format Version 12.00
# Visual Studio Version 17
VisualStudioVersion = 17.9.34616.47
MinimumVisualStudioVersion = 10.0.40219.1
Project("{FAE04EC0-301F-11D3-BF4B-00C04F79EFBC}") = "Altinator", "Altinator.csproj", "{2936F590-23F6-45B0-9455-41DC6C966228}"
EndProject
Global
	GlobalSection(SolutionConfigurationPlatforms) = preSolution
		Debug|Any CPU = Debug|Any CPU
		Release|Any CPU = Release|Any CPU
	EndGlobalSection
	GlobalSection(ProjectConfigurationPlatforms) = postSolution
		{2936F590-23F6-45B0-9455-41DC6C966228}.Debug|Any CPU.ActiveCfg = Debug|Any CPU
		{2936F590-23F6-45B0-9455-41DC6C966228}.Debug|Any CPU.Build.0 = Debug|Any CPU
		{2936F590-23F6-45B0-9455-41DC6C966228}.Release|Any CPU.ActiveCfg = Release|Any CPU
		{2936F590-23F6-45B0-9455-41DC6C966228}.Release|Any CPU.Build.0 = Release|Any CPU
	EndGlobalSection
	GlobalSection(SolutionProperties) = preSolution
		HideSolutionNode = FALSE
	EndGlobalSection
	GlobalSection(ExtensibilityGlobals) = postSolution
		SolutionGuid = {CAF80B76-D9F0-4F40-8C90-F51004BA6CBE}
	EndGlobalSection
EndGlobal
